{
  "object": {
    "pins": [
      {
        "package": "SwiftUICharts",
        "repositoryURL": "https://github.com/mecid/SwiftUICharts",
        "state": {
          "branch": null,
          "revision": "6caa314f63912d37bb26fdf88ae7974747573f9b",
          "version": "0.6.3"
        }
      }
    ]
  },
  "version": 1
}
