{
  "object": {
    "pins": [
      {
        "package": "LightChart",
        "repositoryURL": "https://github.com/sanengineer/LightChart",
        "state": {
          "branch": null,
          "revision": "cfdf57741a7174a5fa4a6205d70af8bc350658f9",
          "version": "1.0.3"
        }
      }
    ]
  },
  "version": 1
}
